// !$*UTF8*$!
{
	archiveVersion = 1;
	classes = {
	};
	objectVersion = 46;
	objects = {

/* Begin PBXAggregateTarget section */
		A3EACC9C1DF909BE00025665 /* CompileAssets */ = {
			isa = PBXAggregateTarget;
			buildConfigurationList = A3EACC9D1DF909BE00025665 /* Build configuration list for PBXAggregateTarget "CompileAssets" */;
			buildPhases = (
				A3EACCA01DF909CB00025665 /* CopyFiles */,
			);
			dependencies = (
			);
			name = CompileAssets;
			productName = CompileAssets;
		};
/* End PBXAggregateTarget section */

/* Begin PBXBuildFile section */
		A30E9C7C1E061647003160C0 /* AssetLoader.swift in Sources */ = {isa = PBXBuildFile; fileRef = A3EACCA31DF90A4F00025665 /* AssetLoader.swift */; };
		A3547DFA1DFB76DC00E74BEF /* TextRendering.swift in Sources */ = {isa = PBXBuildFile; fileRef = A3547DF81DFB768800E74BEF /* TextRendering.swift */; };
		A3A18E221DFFA736002F27DE /* Math.swift in Sources */ = {isa = PBXBuildFile; fileRef = A3BEEA6B1DF6410200F79B91 /* Math.swift */; };
		A3A18E251E01010E002F27DE /* MemoryZone.swift in Sources */ = {isa = PBXBuildFile; fileRef = A3A18E231E010055002F27DE /* MemoryZone.swift */; };
		A3AC95401E05C6CA00837A67 /* Audio.swift in Sources */ = {isa = PBXBuildFile; fileRef = A3AC953F1E05C6CA00837A67 /* Audio.swift */; };
		A3AC95431E05FBDB00837A67 /* bad-font.bmp in CopyFiles */ = {isa = PBXBuildFile; fileRef = A3AC95411E05FBDB00837A67 /* bad-font.bmp */; };
		A3AC95441E05FBDB00837A67 /* bad-font.txt in CopyFiles */ = {isa = PBXBuildFile; fileRef = A3AC95421E05FBDB00837A67 /* bad-font.txt */; };
		A3AC95471E05FBE500837A67 /* arial-24-white.bmp in CopyFiles */ = {isa = PBXBuildFile; fileRef = A3AC95451E05FBE400837A67 /* arial-24-white.bmp */; };
		A3AC95481E05FBE500837A67 /* arial-24-white.txt in CopyFiles */ = {isa = PBXBuildFile; fileRef = A3AC95461E05FBE500837A67 /* arial-24-white.txt */; };
		A3AC954A1E05FBEF00837A67 /* howsoon.wav in CopyFiles */ = {isa = PBXBuildFile; fileRef = A3AC95491E05FBEF00837A67 /* howsoon.wav */; };
		A3BEEA371DF630D600F79B91 /* AppDelegate.swift in Sources */ = {isa = PBXBuildFile; fileRef = A3BEEA361DF630D600F79B91 /* AppDelegate.swift */; };
		A3BEEA391DF630D600F79B91 /* ViewController.swift in Sources */ = {isa = PBXBuildFile; fileRef = A3BEEA381DF630D600F79B91 /* ViewController.swift */; };
		A3BEEA3B1DF630D600F79B91 /* Assets.xcassets in Resources */ = {isa = PBXBuildFile; fileRef = A3BEEA3A1DF630D600F79B91 /* Assets.xcassets */; };
		A3BEEA3E1DF630D600F79B91 /* Main.storyboard in Resources */ = {isa = PBXBuildFile; fileRef = A3BEEA3C1DF630D600F79B91 /* Main.storyboard */; };
		A3BEEA461DF6312100F79B91 /* MetalWorker.swift in Sources */ = {isa = PBXBuildFile; fileRef = A3BEEA451DF6312100F79B91 /* MetalWorker.swift */; };
		A3BEEA481DF6315900F79B91 /* Shaders.metal in Sources */ = {isa = PBXBuildFile; fileRef = A3BEEA471DF6315900F79B91 /* Shaders.metal */; };
		A3BEEA641DF6338700F79B91 /* RenderCommands.swift in Sources */ = {isa = PBXBuildFile; fileRef = A3BEEA631DF6338700F79B91 /* RenderCommands.swift */; };
		A3BEEA661DF633D800F79B91 /* Renderer.swift in Sources */ = {isa = PBXBuildFile; fileRef = A3BEEA651DF633D800F79B91 /* Renderer.swift */; };
		A3BEEA6C1DF6410200F79B91 /* Math.swift in Sources */ = {isa = PBXBuildFile; fileRef = A3BEEA6B1DF6410200F79B91 /* Math.swift */; };
		A3BEEA6F1DF6616800F79B91 /* RenderCommands.swift in Sources */ = {isa = PBXBuildFile; fileRef = A3BEEA631DF6338700F79B91 /* RenderCommands.swift */; };
		A3E789811E01D1D200050B19 /* DataStructures.swift in Sources */ = {isa = PBXBuildFile; fileRef = A3E7897F1E01D13800050B19 /* DataStructures.swift */; };
		A3EACC901DF7849200025665 /* Entities.swift in Sources */ = {isa = PBXBuildFile; fileRef = A3EACC8E1DF783D200025665 /* Entities.swift */; };
		A3EACC961DF7B4E200025665 /* BitmapFont.swift in Sources */ = {isa = PBXBuildFile; fileRef = A3EACC921DF7B47400025665 /* BitmapFont.swift */; };
		A3EACC981DF7CAE600025665 /* AsteroidsApplication.swift in Sources */ = {isa = PBXBuildFile; fileRef = A3EACC971DF7CAE600025665 /* AsteroidsApplication.swift */; };
		A3EACC9A1DF83D5900025665 /* InputDevices.swift in Sources */ = {isa = PBXBuildFile; fileRef = A3EACC991DF83D5900025665 /* InputDevices.swift */; };
		A3EACCA51DF90E6400025665 /* AssetLoader.swift in Sources */ = {isa = PBXBuildFile; fileRef = A3EACCA31DF90A4F00025665 /* AssetLoader.swift */; };
		A3EACCAA1DF917DF00025665 /* Inputs.swift in Sources */ = {isa = PBXBuildFile; fileRef = A3EACCA91DF917DF00025665 /* Inputs.swift */; };
		A3EACCAB1DF917F000025665 /* Inputs.swift in Sources */ = {isa = PBXBuildFile; fileRef = A3EACCA91DF917DF00025665 /* Inputs.swift */; };
		A3EACCAE1DFA392500025665 /* TypesAndUtils.swift in Sources */ = {isa = PBXBuildFile; fileRef = A3EACCAC1DFA38A600025665 /* TypesAndUtils.swift */; };
		A3EACCAF1DFA392C00025665 /* TypesAndUtils.swift in Sources */ = {isa = PBXBuildFile; fileRef = A3EACCAC1DFA38A600025665 /* TypesAndUtils.swift */; };
		A3F256701E08D50900360BBE /* Platform.swift in Sources */ = {isa = PBXBuildFile; fileRef = A3F2566F1E08D50900360BBE /* Platform.swift */; };
		A3F256711E08D50900360BBE /* Platform.swift in Sources */ = {isa = PBXBuildFile; fileRef = A3F2566F1E08D50900360BBE /* Platform.swift */; };
		A3FB171A1E039247006DB7F6 /* RefStructs_GENERATED.swift in Sources */ = {isa = PBXBuildFile; fileRef = A3FB17191E039247006DB7F6 /* RefStructs_GENERATED.swift */; };
/* End PBXBuildFile section */

/* Begin PBXContainerItemProxy section */
		A3BEEA5D1DF6325400F79B91 /* PBXContainerItemProxy */ = {
			isa = PBXContainerItemProxy;
			containerPortal = A3BEEA2B1DF630D600F79B91 /* Project object */;
			proxyType = 1;
			remoteGlobalIDString = A3BEEA581DF6325000F79B91;
			remoteInfo = libAsteroids;
		};
		A3EACCA61DF9104200025665 /* PBXContainerItemProxy */ = {
			isa = PBXContainerItemProxy;
			containerPortal = A3BEEA2B1DF630D600F79B91 /* Project object */;
			proxyType = 1;
			remoteGlobalIDString = A3EACC9C1DF909BE00025665;
			remoteInfo = CompileAssets;
		};
/* End PBXContainerItemProxy section */

/* Begin PBXCopyFilesBuildPhase section */
		A3EACCA01DF909CB00025665 /* CopyFiles */ = {
			isa = PBXCopyFilesBuildPhase;
			buildActionMask = 2147483647;
			dstPath = assets;
			dstSubfolderSpec = 16;
			files = (
				A3AC95471E05FBE500837A67 /* arial-24-white.bmp in CopyFiles */,
				A3AC95431E05FBDB00837A67 /* bad-font.bmp in CopyFiles */,
				A3AC95481E05FBE500837A67 /* arial-24-white.txt in CopyFiles */,
				A3AC954A1E05FBEF00837A67 /* howsoon.wav in CopyFiles */,
				A3AC95441E05FBDB00837A67 /* bad-font.txt in CopyFiles */,
			);
			runOnlyForDeploymentPostprocessing = 0;
		};
/* End PBXCopyFilesBuildPhase section */

/* Begin PBXFileReference section */
		A34773D01E0B3E44005CD952 /* todo.txt */ = {isa = PBXFileReference; lastKnownFileType = text; path = todo.txt; sourceTree = "<group>"; };
		A3547DF81DFB768800E74BEF /* TextRendering.swift */ = {isa = PBXFileReference; fileEncoding = 4; lastKnownFileType = sourcecode.swift; path = TextRendering.swift; sourceTree = "<group>"; };
		A3A18E231E010055002F27DE /* MemoryZone.swift */ = {isa = PBXFileReference; fileEncoding = 4; lastKnownFileType = sourcecode.swift; path = MemoryZone.swift; sourceTree = "<group>"; };
		A3AC953F1E05C6CA00837A67 /* Audio.swift */ = {isa = PBXFileReference; fileEncoding = 4; lastKnownFileType = sourcecode.swift; path = Audio.swift; sourceTree = "<group>"; };
		A3AC95411E05FBDB00837A67 /* bad-font.bmp */ = {isa = PBXFileReference; lastKnownFileType = image.bmp; path = "bad-font.bmp"; sourceTree = "<group>"; };
		A3AC95421E05FBDB00837A67 /* bad-font.txt */ = {isa = PBXFileReference; fileEncoding = 4; lastKnownFileType = text; path = "bad-font.txt"; sourceTree = "<group>"; };
		A3AC95451E05FBE400837A67 /* arial-24-white.bmp */ = {isa = PBXFileReference; lastKnownFileType = image.bmp; path = "arial-24-white.bmp"; sourceTree = "<group>"; };
		A3AC95461E05FBE500837A67 /* arial-24-white.txt */ = {isa = PBXFileReference; fileEncoding = 4; lastKnownFileType = text; path = "arial-24-white.txt"; sourceTree = "<group>"; };
		A3AC95491E05FBEF00837A67 /* howsoon.wav */ = {isa = PBXFileReference; lastKnownFileType = audio.wav; path = howsoon.wav; sourceTree = "<group>"; };
		A3BEEA331DF630D600F79B91 /* Asteroids.app */ = {isa = PBXFileReference; explicitFileType = wrapper.application; includeInIndex = 0; path = Asteroids.app; sourceTree = BUILT_PRODUCTS_DIR; };
		A3BEEA361DF630D600F79B91 /* AppDelegate.swift */ = {isa = PBXFileReference; lastKnownFileType = sourcecode.swift; path = AppDelegate.swift; sourceTree = "<group>"; };
		A3BEEA381DF630D600F79B91 /* ViewController.swift */ = {isa = PBXFileReference; lastKnownFileType = sourcecode.swift; path = ViewController.swift; sourceTree = "<group>"; };
		A3BEEA3A1DF630D600F79B91 /* Assets.xcassets */ = {isa = PBXFileReference; lastKnownFileType = folder.assetcatalog; path = Assets.xcassets; sourceTree = "<group>"; };
		A3BEEA3D1DF630D600F79B91 /* Base */ = {isa = PBXFileReference; lastKnownFileType = file.storyboard; name = Base; path = Base.lproj/Main.storyboard; sourceTree = "<group>"; };
		A3BEEA3F1DF630D600F79B91 /* Info.plist */ = {isa = PBXFileReference; lastKnownFileType = text.plist.xml; path = Info.plist; sourceTree = "<group>"; };
		A3BEEA451DF6312100F79B91 /* MetalWorker.swift */ = {isa = PBXFileReference; fileEncoding = 4; lastKnownFileType = sourcecode.swift; path = MetalWorker.swift; sourceTree = "<group>"; };
		A3BEEA471DF6315900F79B91 /* Shaders.metal */ = {isa = PBXFileReference; fileEncoding = 4; lastKnownFileType = sourcecode.metal; path = Shaders.metal; sourceTree = "<group>"; };
		A3BEEA591DF6325000F79B91 /* libAsteroids.dylib */ = {isa = PBXFileReference; explicitFileType = "compiled.mach-o.dylib"; includeInIndex = 0; path = libAsteroids.dylib; sourceTree = BUILT_PRODUCTS_DIR; };
		A3BEEA621DF6338700F79B91 /* libAsteroids-Bridging-Header.h */ = {isa = PBXFileReference; lastKnownFileType = sourcecode.c.h; path = "libAsteroids-Bridging-Header.h"; sourceTree = "<group>"; };
		A3BEEA631DF6338700F79B91 /* RenderCommands.swift */ = {isa = PBXFileReference; fileEncoding = 4; lastKnownFileType = sourcecode.swift; path = RenderCommands.swift; sourceTree = "<group>"; };
		A3BEEA651DF633D800F79B91 /* Renderer.swift */ = {isa = PBXFileReference; fileEncoding = 4; lastKnownFileType = sourcecode.swift; path = Renderer.swift; sourceTree = "<group>"; };
		A3BEEA6B1DF6410200F79B91 /* Math.swift */ = {isa = PBXFileReference; fileEncoding = 4; lastKnownFileType = sourcecode.swift; path = Math.swift; sourceTree = "<group>"; };
		A3E7897F1E01D13800050B19 /* DataStructures.swift */ = {isa = PBXFileReference; fileEncoding = 4; lastKnownFileType = sourcecode.swift; path = DataStructures.swift; sourceTree = "<group>"; };
		A3EACC8E1DF783D200025665 /* Entities.swift */ = {isa = PBXFileReference; fileEncoding = 4; lastKnownFileType = sourcecode.swift; path = Entities.swift; sourceTree = "<group>"; };
		A3EACC921DF7B47400025665 /* BitmapFont.swift */ = {isa = PBXFileReference; fileEncoding = 4; lastKnownFileType = sourcecode.swift; path = BitmapFont.swift; sourceTree = "<group>"; };
		A3EACC971DF7CAE600025665 /* AsteroidsApplication.swift */ = {isa = PBXFileReference; fileEncoding = 4; lastKnownFileType = sourcecode.swift; path = AsteroidsApplication.swift; sourceTree = "<group>"; };
		A3EACC991DF83D5900025665 /* InputDevices.swift */ = {isa = PBXFileReference; fileEncoding = 4; lastKnownFileType = sourcecode.swift; path = InputDevices.swift; sourceTree = "<group>"; };
		A3EACCA31DF90A4F00025665 /* AssetLoader.swift */ = {isa = PBXFileReference; fileEncoding = 4; lastKnownFileType = sourcecode.swift; path = AssetLoader.swift; sourceTree = "<group>"; };
		A3EACCA91DF917DF00025665 /* Inputs.swift */ = {isa = PBXFileReference; fileEncoding = 4; lastKnownFileType = sourcecode.swift; path = Inputs.swift; sourceTree = "<group>"; };
		A3EACCAC1DFA38A600025665 /* TypesAndUtils.swift */ = {isa = PBXFileReference; fileEncoding = 4; lastKnownFileType = sourcecode.swift; path = TypesAndUtils.swift; sourceTree = "<group>"; };
		A3F2566F1E08D50900360BBE /* Platform.swift */ = {isa = PBXFileReference; fileEncoding = 4; lastKnownFileType = sourcecode.swift; path = Platform.swift; sourceTree = "<group>"; };
		A3FB17191E039247006DB7F6 /* RefStructs_GENERATED.swift */ = {isa = PBXFileReference; fileEncoding = 4; lastKnownFileType = sourcecode.swift; path = RefStructs_GENERATED.swift; sourceTree = "<group>"; };
/* End PBXFileReference section */

/* Begin PBXFrameworksBuildPhase section */
		A3BEEA301DF630D600F79B91 /* Frameworks */ = {
			isa = PBXFrameworksBuildPhase;
			buildActionMask = 2147483647;
			files = (
			);
			runOnlyForDeploymentPostprocessing = 0;
		};
		A3BEEA561DF6325000F79B91 /* Frameworks */ = {
			isa = PBXFrameworksBuildPhase;
			buildActionMask = 2147483647;
			files = (
			);
			runOnlyForDeploymentPostprocessing = 0;
		};
/* End PBXFrameworksBuildPhase section */

/* Begin PBXGroup section */
		A3BEEA2A1DF630D600F79B91 = {
			isa = PBXGroup;
			children = (
				A34773D01E0B3E44005CD952 /* todo.txt */,
				A3EACCA81DF9179900025665 /* Shared */,
				A3BEEA611DF6335900F79B91 /* AsteroidsGame */,
				A3BEEA351DF630D600F79B91 /* AsteroidsPlatform */,
				A3BEEA341DF630D600F79B91 /* Products */,
			);
			sourceTree = "<group>";
		};
		A3BEEA341DF630D600F79B91 /* Products */ = {
			isa = PBXGroup;
			children = (
				A3BEEA331DF630D600F79B91 /* Asteroids.app */,
				A3BEEA591DF6325000F79B91 /* libAsteroids.dylib */,
			);
			name = Products;
			sourceTree = "<group>";
		};
		A3BEEA351DF630D600F79B91 /* AsteroidsPlatform */ = {
			isa = PBXGroup;
			children = (
				A3EACC971DF7CAE600025665 /* AsteroidsApplication.swift */,
				A3BEEA361DF630D600F79B91 /* AppDelegate.swift */,
				A3BEEA381DF630D600F79B91 /* ViewController.swift */,
				A3EACC991DF83D5900025665 /* InputDevices.swift */,
				A3BEEA451DF6312100F79B91 /* MetalWorker.swift */,
				A3AC953F1E05C6CA00837A67 /* Audio.swift */,
				A3BEEA471DF6315900F79B91 /* Shaders.metal */,
				A3BEEA3A1DF630D600F79B91 /* Assets.xcassets */,
				A3BEEA3C1DF630D600F79B91 /* Main.storyboard */,
				A3BEEA3F1DF630D600F79B91 /* Info.plist */,
			);
			path = AsteroidsPlatform;
			sourceTree = "<group>";
		};
		A3BEEA611DF6335900F79B91 /* AsteroidsGame */ = {
			isa = PBXGroup;
			children = (
				A3EACC9B1DF9098600025665 /* Assets */,
				A3BEEA621DF6338700F79B91 /* libAsteroids-Bridging-Header.h */,
				A3EACCA31DF90A4F00025665 /* AssetLoader.swift */,
				A3EACC921DF7B47400025665 /* BitmapFont.swift */,
				A3BEEA651DF633D800F79B91 /* Renderer.swift */,
				A3547DF81DFB768800E74BEF /* TextRendering.swift */,
				A3EACC8E1DF783D200025665 /* Entities.swift */,
				A3A18E231E010055002F27DE /* MemoryZone.swift */,
				A3E7897F1E01D13800050B19 /* DataStructures.swift */,
				A3FB17191E039247006DB7F6 /* RefStructs_GENERATED.swift */,
			);
			path = AsteroidsGame;
			sourceTree = "<group>";
		};
		A3EACC9B1DF9098600025665 /* Assets */ = {
			isa = PBXGroup;
			children = (
				A3AC95411E05FBDB00837A67 /* bad-font.bmp */,
				A3AC95421E05FBDB00837A67 /* bad-font.txt */,
				A3AC95451E05FBE400837A67 /* arial-24-white.bmp */,
				A3AC95461E05FBE500837A67 /* arial-24-white.txt */,
				A3AC95491E05FBEF00837A67 /* howsoon.wav */,
			);
			path = Assets;
			sourceTree = "<group>";
		};
		A3EACCA81DF9179900025665 /* Shared */ = {
			isa = PBXGroup;
			children = (
				A3BEEA631DF6338700F79B91 /* RenderCommands.swift */,
				A3EACCA91DF917DF00025665 /* Inputs.swift */,
				A3EACCAC1DFA38A600025665 /* TypesAndUtils.swift */,
				A3BEEA6B1DF6410200F79B91 /* Math.swift */,
				A3F2566F1E08D50900360BBE /* Platform.swift */,
			);
			path = Shared;
			sourceTree = "<group>";
		};
/* End PBXGroup section */

/* Begin PBXHeadersBuildPhase section */
		A3BEEA571DF6325000F79B91 /* Headers */ = {
			isa = PBXHeadersBuildPhase;
			buildActionMask = 2147483647;
			files = (
			);
			runOnlyForDeploymentPostprocessing = 0;
		};
/* End PBXHeadersBuildPhase section */

/* Begin PBXNativeTarget section */
		A3BEEA321DF630D600F79B91 /* Asteroids */ = {
			isa = PBXNativeTarget;
			buildConfigurationList = A3BEEA421DF630D600F79B91 /* Build configuration list for PBXNativeTarget "Asteroids" */;
			buildPhases = (
				A3BEEA2F1DF630D600F79B91 /* Sources */,
				A3BEEA301DF630D600F79B91 /* Frameworks */,
				A3BEEA311DF630D600F79B91 /* Resources */,
			);
			buildRules = (
			);
			dependencies = (
				A3BEEA5E1DF6325400F79B91 /* PBXTargetDependency */,
			);
			name = Asteroids;
			productName = Asteroids;
			productReference = A3BEEA331DF630D600F79B91 /* Asteroids.app */;
			productType = "com.apple.product-type.application";
		};
		A3BEEA581DF6325000F79B91 /* libAsteroids */ = {
			isa = PBXNativeTarget;
			buildConfigurationList = A3BEEA5A1DF6325000F79B91 /* Build configuration list for PBXNativeTarget "libAsteroids" */;
			buildPhases = (
				A3FB17181E039162006DB7F6 /* ShellScript */,
				A3BEEA551DF6325000F79B91 /* Sources */,
				A3BEEA561DF6325000F79B91 /* Frameworks */,
				A3BEEA571DF6325000F79B91 /* Headers */,
			);
			buildRules = (
			);
			dependencies = (
				A3EACCA71DF9104200025665 /* PBXTargetDependency */,
			);
			name = libAsteroids;
			productName = libAsteroids;
			productReference = A3BEEA591DF6325000F79B91 /* libAsteroids.dylib */;
			productType = "com.apple.product-type.library.dynamic";
		};
/* End PBXNativeTarget section */

/* Begin PBXProject section */
		A3BEEA2B1DF630D600F79B91 /* Project object */ = {
			isa = PBXProject;
			attributes = {
				LastSwiftUpdateCheck = 0810;
				LastUpgradeCheck = 0730;
				ORGANIZATIONNAME = "Sean Hickey";
				TargetAttributes = {
					A3BEEA321DF630D600F79B91 = {
						CreatedOnToolsVersion = 7.3;
						LastSwiftMigration = 0810;
					};
					A3BEEA581DF6325000F79B91 = {
						CreatedOnToolsVersion = 7.3;
						LastSwiftMigration = 0810;
					};
					A3EACC9C1DF909BE00025665 = {
						CreatedOnToolsVersion = 7.3;
					};
				};
			};
			buildConfigurationList = A3BEEA2E1DF630D600F79B91 /* Build configuration list for PBXProject "Asteroids" */;
			compatibilityVersion = "Xcode 3.2";
			developmentRegion = English;
			hasScannedForEncodings = 0;
			knownRegions = (
				en,
				Base,
			);
			mainGroup = A3BEEA2A1DF630D600F79B91;
			productRefGroup = A3BEEA341DF630D600F79B91 /* Products */;
			projectDirPath = "";
			projectRoot = "";
			targets = (
				A3BEEA321DF630D600F79B91 /* Asteroids */,
				A3BEEA581DF6325000F79B91 /* libAsteroids */,
				A3EACC9C1DF909BE00025665 /* CompileAssets */,
			);
		};
/* End PBXProject section */

/* Begin PBXResourcesBuildPhase section */
		A3BEEA311DF630D600F79B91 /* Resources */ = {
			isa = PBXResourcesBuildPhase;
			buildActionMask = 2147483647;
			files = (
				A3BEEA3B1DF630D600F79B91 /* Assets.xcassets in Resources */,
				A3BEEA3E1DF630D600F79B91 /* Main.storyboard in Resources */,
			);
			runOnlyForDeploymentPostprocessing = 0;
		};
/* End PBXResourcesBuildPhase section */

/* Begin PBXShellScriptBuildPhase section */
		A3FB17181E039162006DB7F6 /* ShellScript */ = {
			isa = PBXShellScriptBuildPhase;
			buildActionMask = 2147483647;
			files = (
			);
			inputPaths = (
				"$(SRCROOT)/AsteroidsGame/Entities.swift",
				"$(SRCROOT)/AsteroidsGame/Renderer.swift",
				"$(SRCROOT)/AsteroidsGame/DataStructures.swift",
			);
			outputPaths = (
				"$(SRCROOT)/AsteroidsGame/RefStructs_GENERATED.swift",
			);
			runOnlyForDeploymentPostprocessing = 0;
			shellPath = "/usr/bin/env xcrun --sdk macosx swift";
			shellScript = "import Foundation\n\n\nextension String {\n    subscript(range: NSRange) -> String {\n        get {\n            let start = self.index(self.startIndex, offsetBy: range.location)\n            let end = self.index(start, offsetBy: range.length)\n            return self.substring(with: start..<end)\n        }\n    }\n}\n\nfunc preprocessStructs(_ source: String) -> String {\n    \n    let structRegex = try! NSRegularExpression(pattern: \"/\\\\*=\\\\s*BEGIN_REFSTRUCT\\\\s*=\\\\*/\\\\s*(.*?)\\\\s*/\\\\*=\\\\s*END_REFSTRUCT\\\\s*=\\\\*/\", options: [.dotMatchesLineSeparators, .allowCommentsAndWhitespace])\n    \n    let declRegex = try! NSRegularExpression(pattern: \"^\\\\s*struct\\\\s+([\\\\w]+)(<\\\\w+>)?\\\\s*(:\\\\s*(\\\\w+)\\\\s*)?\\\\{\\\\s*$\", options: [.anchorsMatchLines, .useUnixLineSeparators])\n    \n    let propertyRegex = try! NSRegularExpression(pattern: \"^(\\\\s+var\\\\s+(\\\\w+)\\\\s+:\\\\s+([\\\\w<>\\\\.]+))\\\\s+/\\\\*=\\\\s(GETSET|GET|SET)\\\\s=\\\\*/$\", options: [.anchorsMatchLines, .useUnixLineSeparators])\n    \n    var output = \"\"\n    structRegex.enumerateMatches(in: source, options: [], range: NSMakeRange(0, source.characters.count), using: { (result, flags, stopPtr) in\n        \n        let range = result!.rangeAt(1)\n        let structString = source[range]\n        \n        declRegex.enumerateMatches(in: structString, options: [], range: NSMakeRange(0, structString.characters.count), using: { (result, flags, stopPtr) in\n            \n            let typeName = structString[result!.rangeAt(1)]\n            var genericType = \"\"\n            \n            if result!.rangeAt(2).location != NSNotFound {\n                genericType = structString[result!.rangeAt(2)]\n            }\n            \n            var structRefDecl = \"struct \\(typeName)Ref\\(genericType) : \"\n            \n            \n            if result!.rangeAt(4).location != NSNotFound {\n                let inheritedTypeName = structString[result!.rangeAt(4)]\n                structRefDecl += inheritedTypeName\n            }\n            \n            structRefDecl += \"Ref {\\n    var ptr : Ptr<\\(typeName)\\(genericType)>\\n\\n\"\n            \n            propertyRegex.enumerateMatches(in: structString, options: [], range: NSMakeRange(0, structString.characters.count), using: { (result, flags, stopPtr) in\n                \n                let varName = structString[result!.rangeAt(2)]\n                let varType = structString[result!.rangeAt(3)]\n                let accessorType = structString[result!.rangeAt(4)]\n                \n                var propDecl = \"    var \\(varName) : \\(varType) { \"\n                \n                if accessorType == \"GET\" || accessorType == \"GETSET\" {\n                    propDecl += \"get { return ptr.pointee.\\(varName) } \"\n                }\n                if accessorType == \"SET\" || accessorType == \"GETSET\" {\n                    propDecl += \"set(val) { ptr.pointee.\\(varName) = val } \"\n                }\n                propDecl += \"}\\n\"\n                \n                structRefDecl += propDecl\n            })\n            \n            output += structRefDecl + \"}\\n\\n\"\n        })\n        \n    })\n    \n    return output\n}\n\nvar outputString = \"/***************************************************\\n* ReferenceStructs.swift\\n*\\n* THIS FILE IS AUTOGENERATED WITH EACH BUILD.\\n* DON'T WRITE ANYTHING IMPORTANT IN HERE!\\n****************************************************/\\n\\nprotocol Ref {\\n    associatedtype T\\n    var ptr : Ptr<T> { get set }\\n}\\n\\n\"\n\nlet env = ProcessInfo.processInfo.environment\n\nif let numInputsStr = env[\"SCRIPT_INPUT_FILE_COUNT\"] {\n    let numInputs = Int(numInputsStr)!\n    \n    for i in 0..<numInputs {\n        if let inputPath = env[\"SCRIPT_INPUT_FILE_\\(i)\"] {\n            let filename = (inputPath as NSString).lastPathComponent\n            var source = try! String(contentsOfFile: inputPath)\n            outputString += \"/************************\\n * \\(filename)\\n ************************/\\n\\n\"\n            outputString += preprocessStructs(source) + \"\\n\\n\"\n        }\n    }\n    \n}\n\nif let outputPath = env[\"SCRIPT_OUTPUT_FILE_0\"] {\n    try! outputString.write(toFile: outputPath, atomically: true, encoding: .utf8)\n}\n\n";
		};
/* End PBXShellScriptBuildPhase section */

/* Begin PBXSourcesBuildPhase section */
		A3BEEA2F1DF630D600F79B91 /* Sources */ = {
			isa = PBXSourcesBuildPhase;
			buildActionMask = 2147483647;
			files = (
				A3EACC9A1DF83D5900025665 /* InputDevices.swift in Sources */,
				A3EACCAF1DFA392C00025665 /* TypesAndUtils.swift in Sources */,
				A3AC95401E05C6CA00837A67 /* Audio.swift in Sources */,
				A3F256701E08D50900360BBE /* Platform.swift in Sources */,
				A30E9C7C1E061647003160C0 /* AssetLoader.swift in Sources */,
				A3BEEA6F1DF6616800F79B91 /* RenderCommands.swift in Sources */,
				A3BEEA481DF6315900F79B91 /* Shaders.metal in Sources */,
				A3BEEA461DF6312100F79B91 /* MetalWorker.swift in Sources */,
				A3BEEA391DF630D600F79B91 /* ViewController.swift in Sources */,
				A3BEEA371DF630D600F79B91 /* AppDelegate.swift in Sources */,
				A3EACCAA1DF917DF00025665 /* Inputs.swift in Sources */,
				A3EACC981DF7CAE600025665 /* AsteroidsApplication.swift in Sources */,
				A3A18E221DFFA736002F27DE /* Math.swift in Sources */,
			);
			runOnlyForDeploymentPostprocessing = 0;
		};
		A3BEEA551DF6325000F79B91 /* Sources */ = {
			isa = PBXSourcesBuildPhase;
			buildActionMask = 2147483647;
			files = (
				A3EACC901DF7849200025665 /* Entities.swift in Sources */,
				A3BEEA661DF633D800F79B91 /* Renderer.swift in Sources */,
				A3A18E251E01010E002F27DE /* MemoryZone.swift in Sources */,
				A3F256711E08D50900360BBE /* Platform.swift in Sources */,
				A3EACC961DF7B4E200025665 /* BitmapFont.swift in Sources */,
				A3FB171A1E039247006DB7F6 /* RefStructs_GENERATED.swift in Sources */,
				A3547DFA1DFB76DC00E74BEF /* TextRendering.swift in Sources */,
				A3E789811E01D1D200050B19 /* DataStructures.swift in Sources */,
				A3EACCA51DF90E6400025665 /* AssetLoader.swift in Sources */,
				A3BEEA641DF6338700F79B91 /* RenderCommands.swift in Sources */,
				A3BEEA6C1DF6410200F79B91 /* Math.swift in Sources */,
				A3EACCAB1DF917F000025665 /* Inputs.swift in Sources */,
				A3EACCAE1DFA392500025665 /* TypesAndUtils.swift in Sources */,
			);
			runOnlyForDeploymentPostprocessing = 0;
		};
/* End PBXSourcesBuildPhase section */

/* Begin PBXTargetDependency section */
		A3BEEA5E1DF6325400F79B91 /* PBXTargetDependency */ = {
			isa = PBXTargetDependency;
			target = A3BEEA581DF6325000F79B91 /* libAsteroids */;
			targetProxy = A3BEEA5D1DF6325400F79B91 /* PBXContainerItemProxy */;
		};
		A3EACCA71DF9104200025665 /* PBXTargetDependency */ = {
			isa = PBXTargetDependency;
			target = A3EACC9C1DF909BE00025665 /* CompileAssets */;
			targetProxy = A3EACCA61DF9104200025665 /* PBXContainerItemProxy */;
		};
/* End PBXTargetDependency section */

/* Begin PBXVariantGroup section */
		A3BEEA3C1DF630D600F79B91 /* Main.storyboard */ = {
			isa = PBXVariantGroup;
			children = (
				A3BEEA3D1DF630D600F79B91 /* Base */,
			);
			name = Main.storyboard;
			sourceTree = "<group>";
		};
/* End PBXVariantGroup section */

/* Begin XCBuildConfiguration section */
		A3BEEA401DF630D600F79B91 /* Debug */ = {
			isa = XCBuildConfiguration;
			buildSettings = {
				ALWAYS_SEARCH_USER_PATHS = NO;
				CLANG_ANALYZER_NONNULL = YES;
				CLANG_CXX_LANGUAGE_STANDARD = "gnu++0x";
				CLANG_CXX_LIBRARY = "libc++";
				CLANG_ENABLE_MODULES = YES;
				CLANG_ENABLE_OBJC_ARC = YES;
				CLANG_WARN_BOOL_CONVERSION = YES;
				CLANG_WARN_CONSTANT_CONVERSION = YES;
				CLANG_WARN_DIRECT_OBJC_ISA_USAGE = YES_ERROR;
				CLANG_WARN_EMPTY_BODY = YES;
				CLANG_WARN_ENUM_CONVERSION = YES;
				CLANG_WARN_INT_CONVERSION = YES;
				CLANG_WARN_OBJC_ROOT_CLASS = YES_ERROR;
				CLANG_WARN_UNREACHABLE_CODE = YES;
				CLANG_WARN__DUPLICATE_METHOD_MATCH = YES;
				CODE_SIGN_IDENTITY = "-";
				COPY_PHASE_STRIP = NO;
				DEBUG_INFORMATION_FORMAT = dwarf;
				ENABLE_STRICT_OBJC_MSGSEND = YES;
				ENABLE_TESTABILITY = YES;
				GCC_C_LANGUAGE_STANDARD = gnu99;
				GCC_DYNAMIC_NO_PIC = NO;
				GCC_NO_COMMON_BLOCKS = YES;
				GCC_OPTIMIZATION_LEVEL = 0;
				GCC_PREPROCESSOR_DEFINITIONS = (
					"DEBUG=1",
					"$(inherited)",
				);
				GCC_WARN_64_TO_32_BIT_CONVERSION = YES;
				GCC_WARN_ABOUT_RETURN_TYPE = YES_ERROR;
				GCC_WARN_UNDECLARED_SELECTOR = YES;
				GCC_WARN_UNINITIALIZED_AUTOS = YES_AGGRESSIVE;
				GCC_WARN_UNUSED_FUNCTION = YES;
				GCC_WARN_UNUSED_VARIABLE = YES;
				MACOSX_DEPLOYMENT_TARGET = 10.11;
				MTL_ENABLE_DEBUG_INFO = YES;
				ONLY_ACTIVE_ARCH = YES;
				SDKROOT = macosx;
				SWIFT_OPTIMIZATION_LEVEL = "-Onone";
			};
			name = Debug;
		};
		A3BEEA411DF630D600F79B91 /* Release */ = {
			isa = XCBuildConfiguration;
			buildSettings = {
				ALWAYS_SEARCH_USER_PATHS = NO;
				CLANG_ANALYZER_NONNULL = YES;
				CLANG_CXX_LANGUAGE_STANDARD = "gnu++0x";
				CLANG_CXX_LIBRARY = "libc++";
				CLANG_ENABLE_MODULES = YES;
				CLANG_ENABLE_OBJC_ARC = YES;
				CLANG_WARN_BOOL_CONVERSION = YES;
				CLANG_WARN_CONSTANT_CONVERSION = YES;
				CLANG_WARN_DIRECT_OBJC_ISA_USAGE = YES_ERROR;
				CLANG_WARN_EMPTY_BODY = YES;
				CLANG_WARN_ENUM_CONVERSION = YES;
				CLANG_WARN_INT_CONVERSION = YES;
				CLANG_WARN_OBJC_ROOT_CLASS = YES_ERROR;
				CLANG_WARN_UNREACHABLE_CODE = YES;
				CLANG_WARN__DUPLICATE_METHOD_MATCH = YES;
				CODE_SIGN_IDENTITY = "-";
				COPY_PHASE_STRIP = NO;
				DEBUG_INFORMATION_FORMAT = "dwarf-with-dsym";
				ENABLE_NS_ASSERTIONS = NO;
				ENABLE_STRICT_OBJC_MSGSEND = YES;
				GCC_C_LANGUAGE_STANDARD = gnu99;
				GCC_NO_COMMON_BLOCKS = YES;
				GCC_WARN_64_TO_32_BIT_CONVERSION = YES;
				GCC_WARN_ABOUT_RETURN_TYPE = YES_ERROR;
				GCC_WARN_UNDECLARED_SELECTOR = YES;
				GCC_WARN_UNINITIALIZED_AUTOS = YES_AGGRESSIVE;
				GCC_WARN_UNUSED_FUNCTION = YES;
				GCC_WARN_UNUSED_VARIABLE = YES;
				MACOSX_DEPLOYMENT_TARGET = 10.11;
				MTL_ENABLE_DEBUG_INFO = NO;
				SDKROOT = macosx;
			};
			name = Release;
		};
		A3BEEA431DF630D600F79B91 /* Debug */ = {
			isa = XCBuildConfiguration;
			buildSettings = {
				ASSETCATALOG_COMPILER_APPICON_NAME = AppIcon;
				COMBINE_HIDPI_IMAGES = YES;
				INFOPLIST_FILE = AsteroidsPlatform/Info.plist;
				LD_RUNPATH_SEARCH_PATHS = "$(inherited) @executable_path/../Frameworks";
				NEW_SETTING = "";
				PRODUCT_BUNDLE_IDENTIFIER = local.seanhickey.Asteroids;
				PRODUCT_NAME = "$(TARGET_NAME)";
				SWIFT_VERSION = 3.0;
			};
			name = Debug;
		};
		A3BEEA441DF630D600F79B91 /* Release */ = {
			isa = XCBuildConfiguration;
			buildSettings = {
				ASSETCATALOG_COMPILER_APPICON_NAME = AppIcon;
				COMBINE_HIDPI_IMAGES = YES;
				INFOPLIST_FILE = AsteroidsPlatform/Info.plist;
				LD_RUNPATH_SEARCH_PATHS = "$(inherited) @executable_path/../Frameworks";
				NEW_SETTING = "";
				PRODUCT_BUNDLE_IDENTIFIER = local.seanhickey.Asteroids;
				PRODUCT_NAME = "$(TARGET_NAME)";
				SWIFT_VERSION = 3.0;
			};
			name = Release;
		};
		A3BEEA5B1DF6325000F79B91 /* Debug */ = {
			isa = XCBuildConfiguration;
			buildSettings = {
				CLANG_ENABLE_MODULES = YES;
				DYLIB_COMPATIBILITY_VERSION = 1;
				DYLIB_CURRENT_VERSION = 1;
				LD_DYLIB_INSTALL_NAME = "$(DYLIB_INSTALL_NAME_BASE:standardizepath)/$(EXECUTABLE_PATH)";
				LD_RUNPATH_SEARCH_PATHS = "$(inherited) @executable_path/../Frameworks @loader_path/../Frameworks";
				PRODUCT_NAME = "$(TARGET_NAME)";
				SWIFT_OBJC_BRIDGING_HEADER = "AsteroidsGame/libAsteroids-Bridging-Header.h";
				SWIFT_OPTIMIZATION_LEVEL = "-Onone";
				SWIFT_VERSION = 3.0;
			};
			name = Debug;
		};
		A3BEEA5C1DF6325000F79B91 /* Release */ = {
			isa = XCBuildConfiguration;
			buildSettings = {
				CLANG_ENABLE_MODULES = YES;
				DYLIB_COMPATIBILITY_VERSION = 1;
				DYLIB_CURRENT_VERSION = 1;
				LD_DYLIB_INSTALL_NAME = "$(DYLIB_INSTALL_NAME_BASE:standardizepath)/$(EXECUTABLE_PATH)";
				LD_RUNPATH_SEARCH_PATHS = "$(inherited) @executable_path/../Frameworks @loader_path/../Frameworks";
				PRODUCT_NAME = "$(TARGET_NAME)";
				SWIFT_OBJC_BRIDGING_HEADER = "AsteroidsGame/libAsteroids-Bridging-Header.h";
				SWIFT_VERSION = 3.0;
			};
			name = Release;
		};
		A3EACC9E1DF909BE00025665 /* Debug */ = {
			isa = XCBuildConfiguration;
			buildSettings = {
				PRODUCT_NAME = "$(TARGET_NAME)";
			};
			name = Debug;
		};
		A3EACC9F1DF909BE00025665 /* Release */ = {
			isa = XCBuildConfiguration;
			buildSettings = {
				PRODUCT_NAME = "$(TARGET_NAME)";
			};
			name = Release;
		};
/* End XCBuildConfiguration section */

/* Begin XCConfigurationList section */
		A3BEEA2E1DF630D600F79B91 /* Build configuration list for PBXProject "Asteroids" */ = {
			isa = XCConfigurationList;
			buildConfigurations = (
				A3BEEA401DF630D600F79B91 /* Debug */,
				A3BEEA411DF630D600F79B91 /* Release */,
			);
			defaultConfigurationIsVisible = 0;
			defaultConfigurationName = Release;
		};
		A3BEEA421DF630D600F79B91 /* Build configuration list for PBXNativeTarget "Asteroids" */ = {
			isa = XCConfigurationList;
			buildConfigurations = (
				A3BEEA431DF630D600F79B91 /* Debug */,
				A3BEEA441DF630D600F79B91 /* Release */,
			);
			defaultConfigurationIsVisible = 0;
			defaultConfigurationName = Release;
		};
		A3BEEA5A1DF6325000F79B91 /* Build configuration list for PBXNativeTarget "libAsteroids" */ = {
			isa = XCConfigurationList;
			buildConfigurations = (
				A3BEEA5B1DF6325000F79B91 /* Debug */,
				A3BEEA5C1DF6325000F79B91 /* Release */,
			);
			defaultConfigurationIsVisible = 0;
			defaultConfigurationName = Release;
		};
		A3EACC9D1DF909BE00025665 /* Build configuration list for PBXAggregateTarget "CompileAssets" */ = {
			isa = XCConfigurationList;
			buildConfigurations = (
				A3EACC9E1DF909BE00025665 /* Debug */,
				A3EACC9F1DF909BE00025665 /* Release */,
			);
			defaultConfigurationIsVisible = 0;
			defaultConfigurationName = Release;
		};
/* End XCConfigurationList section */
	};
	rootObject = A3BEEA2B1DF630D600F79B91 /* Project object */;
}
